
Microsoft Visual Studio Solution File, Format Version 10.00
# Visual Studio 2008
Project("{FAE04EC0-301F-11D3-BF4B-00C04F79EFBC}") = "Yelo Neighborhood", "Yelo Neighborhood\Yelo Neighborhood.csproj", "{5189FF59-28CC-4D6B-B564-453A0F1B6D2E}"
EndProject
Project("{FAE04EC0-301F-11D3-BF4B-00C04F79EFBC}") = "YeloDebug", "..\YeloDebug\YeloDebug.csproj", "{F5DB1C08-E8A7-4618-9E0E-0CC225597C75}"
EndProject
Project("{FAE04EC0-301F-11D3-BF4B-00C04F79EFBC}") = "Updater", "Updater\Updater.csproj", "{94A21AF4-C543-47FD-99C5-B59541F77157}"
EndProject
Global
	GlobalSection(SolutionConfigurationPlatforms) = preSolution
		Debug|Any CPU = Debug|Any CPU
		Release|Any CPU = Release|Any CPU
	EndGlobalSection
	GlobalSection(ProjectConfigurationPlatforms) = postSolution
		{5189FF59-28CC-4D6B-B564-453A0F1B6D2E}.Debug|Any CPU.ActiveCfg = Debug|Any CPU
		{5189FF59-28CC-4D6B-B564-453A0F1B6D2E}.Debug|Any CPU.Build.0 = Debug|Any CPU
		{5189FF59-28CC-4D6B-B564-453A0F1B6D2E}.Release|Any CPU.ActiveCfg = Release|Any CPU
		{5189FF59-28CC-4D6B-B564-453A0F1B6D2E}.Release|Any CPU.Build.0 = Release|Any CPU
		{F5DB1C08-E8A7-4618-9E0E-0CC225597C75}.Debug|Any CPU.ActiveCfg = Debug|Any CPU
		{F5DB1C08-E8A7-4618-9E0E-0CC225597C75}.Debug|Any CPU.Build.0 = Debug|Any CPU
		{F5DB1C08-E8A7-4618-9E0E-0CC225597C75}.Release|Any CPU.ActiveCfg = Release|Any CPU
		{F5DB1C08-E8A7-4618-9E0E-0CC225597C75}.Release|Any CPU.Build.0 = Release|Any CPU
		{94A21AF4-C543-47FD-99C5-B59541F77157}.Debug|Any CPU.ActiveCfg = Debug|Any CPU
		{94A21AF4-C543-47FD-99C5-B59541F77157}.Debug|Any CPU.Build.0 = Debug|Any CPU
		{94A21AF4-C543-47FD-99C5-B59541F77157}.Release|Any CPU.ActiveCfg = Release|Any CPU
		{94A21AF4-C543-47FD-99C5-B59541F77157}.Release|Any CPU.Build.0 = Release|Any CPU
	EndGlobalSection
	GlobalSection(SolutionProperties) = preSolution
		HideSolutionNode = FALSE
	EndGlobalSection
EndGlobal
