
Microsoft Visual Studio Solution File, Format Version 10.00
# Visual Studio 2008
Project("{930C7802-8A8C-48F9-8165-68863BCCD9DD}") = "Halo1_Installer", "Halo1\Halo1_Installer\Halo1_Installer.wixproj", "{494F320A-B5EB-4623-BE2D-77D5C7BE7CA5}"
EndProject
Global
	GlobalSection(SolutionConfigurationPlatforms) = preSolution
		Debug|x86 = Debug|x86
		Release|x86 = Release|x86
		ReleaseSymbols|x86 = ReleaseSymbols|x86
	EndGlobalSection
	GlobalSection(ProjectConfigurationPlatforms) = postSolution
		{494F320A-B5EB-4623-BE2D-77D5C7BE7CA5}.Debug|x86.ActiveCfg = Debug|x86
		{494F320A-B5EB-4623-BE2D-77D5C7BE7CA5}.Debug|x86.Build.0 = Debug|x86
		{494F320A-B5EB-4623-BE2D-77D5C7BE7CA5}.Release|x86.ActiveCfg = Release|x86
		{494F320A-B5EB-4623-BE2D-77D5C7BE7CA5}.Release|x86.Build.0 = Release|x86
		{494F320A-B5EB-4623-BE2D-77D5C7BE7CA5}.ReleaseSymbols|x86.ActiveCfg = ReleaseSymbols|x86
		{494F320A-B5EB-4623-BE2D-77D5C7BE7CA5}.ReleaseSymbols|x86.Build.0 = ReleaseSymbols|x86
	EndGlobalSection
	GlobalSection(SolutionProperties) = preSolution
		HideSolutionNode = FALSE
	EndGlobalSection
EndGlobal
