<?xml version="1.0" encoding="utf-8"?>
<Project ToolsVersion="4.0" xmlns="http://schemas.microsoft.com/developer/msbuild/2003">
  <!--<ItemGroup>
    <Filter Include="Common\Shared\7zip">
      <UniqueIdentifier>{6c76af01-8dcb-4a37-ab87-5606dcc65ba3}</UniqueIdentifier>
    </Filter>
  </ItemGroup>-->

  <ItemGroup
    >
	<ClInclude Include="..\..\shared\Include\7zip\C\7z.h">
      <Filter>Common\Shared\7zip</Filter>
    </ClInclude>
    <ClInclude Include="..\..\shared\Include\7zip\C\7zAlloc.h">
      <Filter>Common\Shared\7zip</Filter>
    </ClInclude>
    <ClInclude Include="..\..\shared\Include\7zip\C\7zBuf.h">
      <Filter>Common\Shared\7zip</Filter>
    </ClInclude>
    <ClInclude Include="..\..\shared\Include\7zip\C\7zCrc.h">
      <Filter>Common\Shared\7zip</Filter>
    </ClInclude>
    <ClInclude Include="..\..\shared\Include\7zip\C\7zFile.h">
      <Filter>Common\Shared\7zip</Filter>
    </ClInclude>
    <ClInclude Include="..\..\shared\Include\7zip\C\7zTypes.h">
      <Filter>Common\Shared\7zip</Filter>
    </ClInclude>
    <ClInclude Include="..\..\shared\Include\7zip\C\7zVersion.h">
      <Filter>Common\Shared\7zip</Filter>
    </ClInclude>
    <ClInclude Include="..\..\shared\Include\7zip\C\Bcj2.h">
      <Filter>Common\Shared\7zip</Filter>
    </ClInclude>
    <ClInclude Include="..\..\shared\Include\7zip\C\Bra.h">
      <Filter>Common\Shared\7zip</Filter>
    </ClInclude>
    <ClInclude Include="..\..\shared\Include\7zip\C\CpuArch.h">
      <Filter>Common\Shared\7zip</Filter>
    </ClInclude>
    <ClInclude Include="..\..\shared\Include\7zip\C\Lzma2Dec.h">
      <Filter>Common\Shared\7zip</Filter>
    </ClInclude>
    <ClInclude Include="..\..\shared\Include\7zip\C\LzmaDec.h">
      <Filter>Common\Shared\7zip</Filter>
    </ClInclude>

	<ClCompile Include="..\..\shared\Include\7zip\C\7zAlloc.c">
      <Filter>Common\Shared\7zip</Filter>
    </ClCompile>
    <ClCompile Include="..\..\shared\Include\7zip\C\7zBuf.c">
      <Filter>Common\Shared\7zip</Filter>
    </ClCompile>
    <ClCompile Include="..\..\shared\Include\7zip\C\7zCrc.c">
      <Filter>Common\Shared\7zip</Filter>
    </ClCompile>
    <ClCompile Include="..\..\shared\Include\7zip\C\7zCrcOpt.c">
      <Filter>Common\Shared\7zip</Filter>
    </ClCompile>
    <ClCompile Include="..\..\shared\Include\7zip\C\7zDec.c">
      <Filter>Common\Shared\7zip</Filter>
    </ClCompile>
    <ClCompile Include="..\..\shared\Include\7zip\C\7zFile.c">
      <Filter>Common\Shared\7zip</Filter>
    </ClCompile>
    <ClCompile Include="..\..\shared\Include\7zip\C\7zArcIn.c">
      <Filter>Common\Shared\7zip</Filter>
    </ClCompile>
    <ClCompile Include="..\..\shared\Include\7zip\C\7zStream.c">
      <Filter>Common\Shared\7zip</Filter>
    </ClCompile>
    <ClCompile Include="..\..\shared\Include\7zip\C\Bcj2.c">
      <Filter>Common\Shared\7zip</Filter>
    </ClCompile>
    <ClCompile Include="..\..\shared\Include\7zip\C\Bra.c">
      <Filter>Common\Shared\7zip</Filter>
    </ClCompile>
    <ClCompile Include="..\..\shared\Include\7zip\C\Bra86.c">
      <Filter>Common\Shared\7zip</Filter>
    </ClCompile>
    <ClCompile Include="..\..\shared\Include\7zip\C\CpuArch.c">
      <Filter>Common\Shared\7zip</Filter>
    </ClCompile>
    <ClCompile Include="..\..\shared\Include\7zip\C\Lzma2Dec.c">
      <Filter>Common\Shared\7zip</Filter>
    </ClCompile>
    <ClCompile Include="..\..\shared\Include\7zip\C\LzmaDec.c">
      <Filter>Common\Shared\7zip</Filter>
    </ClCompile>
  </ItemGroup>
</Project>
