<?xml version="1.0" encoding="utf-8"?>
<Project ToolsVersion="4.0" xmlns="http://schemas.microsoft.com/developer/msbuild/2003">
  <ItemGroup
    >
	<Text Include="..\..\..\external_libraries\zlib\contrib\minizip\OpenSauce.Readme.txt">
      <Filter>Common\Shared\zlib\contrib\minizip</Filter>
    </Text>

	<ClInclude Include="..\..\..\external_libraries\zlib\crc32.h">
      <Filter>Common\Shared\zlib</Filter>
    </ClInclude>
    <ClInclude Include="..\..\..\external_libraries\zlib\deflate.h">
      <Filter>Common\Shared\zlib</Filter>
    </ClInclude>
    <ClInclude Include="..\..\..\external_libraries\zlib\gzguts.h">
      <Filter>Common\Shared\zlib</Filter>
    </ClInclude>
    <ClInclude Include="..\..\..\external_libraries\zlib\inffast.h">
      <Filter>Common\Shared\zlib</Filter>
    </ClInclude>
    <ClInclude Include="..\..\..\external_libraries\zlib\inffixed.h">
      <Filter>Common\Shared\zlib</Filter>
    </ClInclude>
    <ClInclude Include="..\..\..\external_libraries\zlib\inflate.h">
      <Filter>Common\Shared\zlib</Filter>
    </ClInclude>
    <ClInclude Include="..\..\..\external_libraries\zlib\inftrees.h">
      <Filter>Common\Shared\zlib</Filter>
    </ClInclude>
    <ClInclude Include="..\..\..\external_libraries\zlib\trees.h">
      <Filter>Common\Shared\zlib</Filter>
    </ClInclude>
    <ClInclude Include="..\..\..\external_libraries\zlib\zconf.h">
      <Filter>Common\Shared\zlib</Filter>
    </ClInclude>
    <ClInclude Include="..\..\..\external_libraries\zlib\zlib.h">
      <Filter>Common\Shared\zlib</Filter>
    </ClInclude>
    <ClInclude Include="..\..\..\external_libraries\zlib\zutil.h">
      <Filter>Common\Shared\zlib</Filter>
    </ClInclude>
    <ClInclude Include="..\..\..\external_libraries\zlib\contrib\minizip\ioapi.h">
      <Filter>Common\Shared\zlib\contrib\minizip</Filter>
    </ClInclude>
    <ClInclude Include="..\..\..\external_libraries\zlib\contrib\minizip\unzip.h">
      <Filter>Common\Shared\zlib\contrib\minizip</Filter>
    </ClInclude>
    <ClInclude Include="..\..\..\external_libraries\zlib\contrib\minizip\zip.h">
      <Filter>Common\Shared\zlib\contrib\minizip</Filter>
    </ClInclude>

	<ClCompile Include="..\..\..\external_libraries\zlib\adler32.c">
      <Filter>Common\Shared\zlib</Filter>
    </ClCompile>
	<ClCompile Include="..\..\..\external_libraries\zlib\compress.c">
      <Filter>Common\Shared\zlib</Filter>
    </ClCompile>
    <ClCompile Include="..\..\..\external_libraries\zlib\crc32.c">
      <Filter>Common\Shared\zlib</Filter>
    </ClCompile>
    <ClCompile Include="..\..\..\external_libraries\zlib\deflate.c">
      <Filter>Common\Shared\zlib</Filter>
    </ClCompile>
    <ClCompile Include="..\..\..\external_libraries\zlib\gzclose.c">
      <Filter>Common\Shared\zlib</Filter>
    </ClCompile>
    <ClCompile Include="..\..\..\external_libraries\zlib\gzlib.c">
      <Filter>Common\Shared\zlib</Filter>
    </ClCompile>
    <ClCompile Include="..\..\..\external_libraries\zlib\gzread.c">
      <Filter>Common\Shared\zlib</Filter>
    </ClCompile>
    <ClCompile Include="..\..\..\external_libraries\zlib\gzwrite.c">
      <Filter>Common\Shared\zlib</Filter>
    </ClCompile>
    <ClCompile Include="..\..\..\external_libraries\zlib\infback.c">
      <Filter>Common\Shared\zlib</Filter>
    </ClCompile>
    <ClCompile Include="..\..\..\external_libraries\zlib\inffast.c">
      <Filter>Common\Shared\zlib</Filter>
    </ClCompile>
    <ClCompile Include="..\..\..\external_libraries\zlib\inflate.c">
      <Filter>Common\Shared\zlib</Filter>
    </ClCompile>
    <ClCompile Include="..\..\..\external_libraries\zlib\inftrees.c">
      <Filter>Common\Shared\zlib</Filter>
    </ClCompile>
    <ClCompile Include="..\..\..\external_libraries\zlib\trees.c">
      <Filter>Common\Shared\zlib</Filter>
    </ClCompile>
	<ClCompile Include="..\..\..\external_libraries\zlib\uncompr.c">
      <Filter>Common\Shared\zlib</Filter>
    </ClCompile>
    <ClCompile Include="..\..\..\external_libraries\zlib\zutil.c">
      <Filter>Common\Shared\zlib</Filter>
    </ClCompile>
    <ClCompile Include="..\..\..\external_libraries\zlib\contrib\minizip\ioapi.c">
      <Filter>Common\Shared\zlib\contrib\minizip</Filter>
    </ClCompile>
    <ClCompile Include="..\..\..\external_libraries\zlib\contrib\minizip\unzip.c">
      <Filter>Common\Shared\zlib\contrib\minizip</Filter>
    </ClCompile>
    <ClCompile Include="..\..\..\external_libraries\zlib\contrib\minizip\zip.c">
      <Filter>Common\Shared\zlib\contrib\minizip</Filter>
    </ClCompile>
  </ItemGroup>
</Project>