
Microsoft Visual Studio Solution File, Format Version 10.00
# Visual Studio 2008
Project("{FAE04EC0-301F-11D3-BF4B-00C04F79EFBC}") = "BlamLib", "BlamLib\BlamLib.csproj", "{D9931E1A-1A8A-4707-A27C-9AFEFD60D25B}"
EndProject
Project("{FAE04EC0-301F-11D3-BF4B-00C04F79EFBC}") = "OpenSauceIDE", "OpenSauceIDE\OpenSauceIDE.csproj", "{0AE03410-5E9B-4B8B-81B2-E1C6E30C8E70}"
EndProject
Project("{FAE04EC0-301F-11D3-BF4B-00C04F79EFBC}") = "BlamLib.Forms", "BlamLib.Forms\BlamLib.Forms.csproj", "{61EE1295-F2B6-4351-B331-244319600FCE}"
EndProject
Project("{8BC9CEB8-8B4A-11D0-8D11-00A0C91BC942}") = "LowLevel", "LowLevel\LowLevel.vcproj", "{5E5B9F4E-1067-4470-8AA9-B25BBBEA063A}"
EndProject
Project("{FAE04EC0-301F-11D3-BF4B-00C04F79EFBC}") = "BlamLib.Test", "BlamLib.Test\BlamLib.Test.csproj", "{2BB37B4C-D7E0-451F-A8C8-997890B98B9F}"
EndProject
Project("{2150E333-8FDC-42A3-9474-1A3956D46DE8}") = "Solution Items", "Solution Items", "{8A321666-960C-4389-98B1-914F983DE21A}"
	ProjectSection(SolutionItems) = preProject
		BlamLib.vsmdi = BlamLib.vsmdi
		LocalTestRun.testrunconfig = LocalTestRun.testrunconfig
		Readme.Disclaimer.txt = Readme.Disclaimer.txt
		Readme.HardCodedPaths.txt = Readme.HardCodedPaths.txt
		Readme.LowLevel.txt = Readme.LowLevel.txt
		Readme.Namespaces.txt = Readme.Namespaces.txt
		Readme.Terminology.txt = Readme.Terminology.txt
	EndProjectSection
EndProject
Global
	GlobalSection(TestCaseManagementSettings) = postSolution
		CategoryFile = BlamLib.vsmdi
	EndGlobalSection
	GlobalSection(SolutionConfigurationPlatforms) = preSolution
		Debug|Any CPU = Debug|Any CPU
		Debug|Mixed Platforms = Debug|Mixed Platforms
		Debug|Win32 = Debug|Win32
		Debug|x64 = Debug|x64
		Debug|x86 = Debug|x86
		DebugPublic|Any CPU = DebugPublic|Any CPU
		DebugPublic|Mixed Platforms = DebugPublic|Mixed Platforms
		DebugPublic|Win32 = DebugPublic|Win32
		DebugPublic|x64 = DebugPublic|x64
		DebugPublic|x86 = DebugPublic|x86
		Release|Any CPU = Release|Any CPU
		Release|Mixed Platforms = Release|Mixed Platforms
		Release|Win32 = Release|Win32
		Release|x64 = Release|x64
		Release|x86 = Release|x86
	EndGlobalSection
	GlobalSection(ProjectConfigurationPlatforms) = postSolution
		{D9931E1A-1A8A-4707-A27C-9AFEFD60D25B}.Debug|Any CPU.ActiveCfg = Debug|Any CPU
		{D9931E1A-1A8A-4707-A27C-9AFEFD60D25B}.Debug|Any CPU.Build.0 = Debug|Any CPU
		{D9931E1A-1A8A-4707-A27C-9AFEFD60D25B}.Debug|Mixed Platforms.ActiveCfg = Debug|Any CPU
		{D9931E1A-1A8A-4707-A27C-9AFEFD60D25B}.Debug|Mixed Platforms.Build.0 = Debug|Any CPU
		{D9931E1A-1A8A-4707-A27C-9AFEFD60D25B}.Debug|Win32.ActiveCfg = Debug|Any CPU
		{D9931E1A-1A8A-4707-A27C-9AFEFD60D25B}.Debug|x64.ActiveCfg = Debug|x64
		{D9931E1A-1A8A-4707-A27C-9AFEFD60D25B}.Debug|x64.Build.0 = Debug|x64
		{D9931E1A-1A8A-4707-A27C-9AFEFD60D25B}.Debug|x86.ActiveCfg = Debug|x86
		{D9931E1A-1A8A-4707-A27C-9AFEFD60D25B}.Debug|x86.Build.0 = Debug|x86
		{D9931E1A-1A8A-4707-A27C-9AFEFD60D25B}.DebugPublic|Any CPU.ActiveCfg = DebugPublic|Any CPU
		{D9931E1A-1A8A-4707-A27C-9AFEFD60D25B}.DebugPublic|Any CPU.Build.0 = DebugPublic|Any CPU
		{D9931E1A-1A8A-4707-A27C-9AFEFD60D25B}.DebugPublic|Mixed Platforms.ActiveCfg = DebugPublic|Any CPU
		{D9931E1A-1A8A-4707-A27C-9AFEFD60D25B}.DebugPublic|Mixed Platforms.Build.0 = DebugPublic|Any CPU
		{D9931E1A-1A8A-4707-A27C-9AFEFD60D25B}.DebugPublic|Win32.ActiveCfg = DebugPublic|Any CPU
		{D9931E1A-1A8A-4707-A27C-9AFEFD60D25B}.DebugPublic|x64.ActiveCfg = DebugPublic|x64
		{D9931E1A-1A8A-4707-A27C-9AFEFD60D25B}.DebugPublic|x64.Build.0 = DebugPublic|x64
		{D9931E1A-1A8A-4707-A27C-9AFEFD60D25B}.DebugPublic|x86.ActiveCfg = DebugPublic|x86
		{D9931E1A-1A8A-4707-A27C-9AFEFD60D25B}.DebugPublic|x86.Build.0 = DebugPublic|x86
		{D9931E1A-1A8A-4707-A27C-9AFEFD60D25B}.Release|Any CPU.ActiveCfg = Release|Any CPU
		{D9931E1A-1A8A-4707-A27C-9AFEFD60D25B}.Release|Any CPU.Build.0 = Release|Any CPU
		{D9931E1A-1A8A-4707-A27C-9AFEFD60D25B}.Release|Mixed Platforms.ActiveCfg = Release|Any CPU
		{D9931E1A-1A8A-4707-A27C-9AFEFD60D25B}.Release|Mixed Platforms.Build.0 = Release|Any CPU
		{D9931E1A-1A8A-4707-A27C-9AFEFD60D25B}.Release|Win32.ActiveCfg = Release|Any CPU
		{D9931E1A-1A8A-4707-A27C-9AFEFD60D25B}.Release|x64.ActiveCfg = Release|x64
		{D9931E1A-1A8A-4707-A27C-9AFEFD60D25B}.Release|x64.Build.0 = Release|x64
		{D9931E1A-1A8A-4707-A27C-9AFEFD60D25B}.Release|x86.ActiveCfg = Release|x86
		{D9931E1A-1A8A-4707-A27C-9AFEFD60D25B}.Release|x86.Build.0 = Release|x86
		{0AE03410-5E9B-4B8B-81B2-E1C6E30C8E70}.Debug|Any CPU.ActiveCfg = Debug|Any CPU
		{0AE03410-5E9B-4B8B-81B2-E1C6E30C8E70}.Debug|Any CPU.Build.0 = Debug|Any CPU
		{0AE03410-5E9B-4B8B-81B2-E1C6E30C8E70}.Debug|Mixed Platforms.ActiveCfg = Debug|Any CPU
		{0AE03410-5E9B-4B8B-81B2-E1C6E30C8E70}.Debug|Mixed Platforms.Build.0 = Debug|Any CPU
		{0AE03410-5E9B-4B8B-81B2-E1C6E30C8E70}.Debug|Win32.ActiveCfg = Debug|Any CPU
		{0AE03410-5E9B-4B8B-81B2-E1C6E30C8E70}.Debug|x64.ActiveCfg = Debug|x64
		{0AE03410-5E9B-4B8B-81B2-E1C6E30C8E70}.Debug|x64.Build.0 = Debug|x64
		{0AE03410-5E9B-4B8B-81B2-E1C6E30C8E70}.Debug|x86.ActiveCfg = Debug|x86
		{0AE03410-5E9B-4B8B-81B2-E1C6E30C8E70}.Debug|x86.Build.0 = Debug|x86
		{0AE03410-5E9B-4B8B-81B2-E1C6E30C8E70}.DebugPublic|Any CPU.ActiveCfg = DebugPublic|Any CPU
		{0AE03410-5E9B-4B8B-81B2-E1C6E30C8E70}.DebugPublic|Any CPU.Build.0 = DebugPublic|Any CPU
		{0AE03410-5E9B-4B8B-81B2-E1C6E30C8E70}.DebugPublic|Mixed Platforms.ActiveCfg = DebugPublic|Any CPU
		{0AE03410-5E9B-4B8B-81B2-E1C6E30C8E70}.DebugPublic|Mixed Platforms.Build.0 = DebugPublic|Any CPU
		{0AE03410-5E9B-4B8B-81B2-E1C6E30C8E70}.DebugPublic|Win32.ActiveCfg = DebugPublic|Any CPU
		{0AE03410-5E9B-4B8B-81B2-E1C6E30C8E70}.DebugPublic|x64.ActiveCfg = DebugPublic|x64
		{0AE03410-5E9B-4B8B-81B2-E1C6E30C8E70}.DebugPublic|x64.Build.0 = DebugPublic|x64
		{0AE03410-5E9B-4B8B-81B2-E1C6E30C8E70}.DebugPublic|x86.ActiveCfg = DebugPublic|x86
		{0AE03410-5E9B-4B8B-81B2-E1C6E30C8E70}.DebugPublic|x86.Build.0 = DebugPublic|x86
		{0AE03410-5E9B-4B8B-81B2-E1C6E30C8E70}.Release|Any CPU.ActiveCfg = Release|Any CPU
		{0AE03410-5E9B-4B8B-81B2-E1C6E30C8E70}.Release|Any CPU.Build.0 = Release|Any CPU
		{0AE03410-5E9B-4B8B-81B2-E1C6E30C8E70}.Release|Mixed Platforms.ActiveCfg = Release|Any CPU
		{0AE03410-5E9B-4B8B-81B2-E1C6E30C8E70}.Release|Mixed Platforms.Build.0 = Release|Any CPU
		{0AE03410-5E9B-4B8B-81B2-E1C6E30C8E70}.Release|Win32.ActiveCfg = Release|Any CPU
		{0AE03410-5E9B-4B8B-81B2-E1C6E30C8E70}.Release|x64.ActiveCfg = Release|x64
		{0AE03410-5E9B-4B8B-81B2-E1C6E30C8E70}.Release|x64.Build.0 = Release|x64
		{0AE03410-5E9B-4B8B-81B2-E1C6E30C8E70}.Release|x86.ActiveCfg = Release|x86
		{0AE03410-5E9B-4B8B-81B2-E1C6E30C8E70}.Release|x86.Build.0 = Release|x86
		{61EE1295-F2B6-4351-B331-244319600FCE}.Debug|Any CPU.ActiveCfg = Debug|Any CPU
		{61EE1295-F2B6-4351-B331-244319600FCE}.Debug|Any CPU.Build.0 = Debug|Any CPU
		{61EE1295-F2B6-4351-B331-244319600FCE}.Debug|Mixed Platforms.ActiveCfg = Debug|Any CPU
		{61EE1295-F2B6-4351-B331-244319600FCE}.Debug|Mixed Platforms.Build.0 = Debug|Any CPU
		{61EE1295-F2B6-4351-B331-244319600FCE}.Debug|Win32.ActiveCfg = Debug|Any CPU
		{61EE1295-F2B6-4351-B331-244319600FCE}.Debug|x64.ActiveCfg = Debug|x64
		{61EE1295-F2B6-4351-B331-244319600FCE}.Debug|x64.Build.0 = Debug|x64
		{61EE1295-F2B6-4351-B331-244319600FCE}.Debug|x86.ActiveCfg = Debug|x86
		{61EE1295-F2B6-4351-B331-244319600FCE}.Debug|x86.Build.0 = Debug|x86
		{61EE1295-F2B6-4351-B331-244319600FCE}.DebugPublic|Any CPU.ActiveCfg = Debug|Any CPU
		{61EE1295-F2B6-4351-B331-244319600FCE}.DebugPublic|Any CPU.Build.0 = Debug|Any CPU
		{61EE1295-F2B6-4351-B331-244319600FCE}.DebugPublic|Mixed Platforms.ActiveCfg = DebugPublic|Any CPU
		{61EE1295-F2B6-4351-B331-244319600FCE}.DebugPublic|Mixed Platforms.Build.0 = DebugPublic|Any CPU
		{61EE1295-F2B6-4351-B331-244319600FCE}.DebugPublic|Win32.ActiveCfg = Debug|Any CPU
		{61EE1295-F2B6-4351-B331-244319600FCE}.DebugPublic|x64.ActiveCfg = DebugPublic|x64
		{61EE1295-F2B6-4351-B331-244319600FCE}.DebugPublic|x64.Build.0 = DebugPublic|x64
		{61EE1295-F2B6-4351-B331-244319600FCE}.DebugPublic|x86.ActiveCfg = DebugPublic|x86
		{61EE1295-F2B6-4351-B331-244319600FCE}.DebugPublic|x86.Build.0 = DebugPublic|x86
		{61EE1295-F2B6-4351-B331-244319600FCE}.Release|Any CPU.ActiveCfg = Release|Any CPU
		{61EE1295-F2B6-4351-B331-244319600FCE}.Release|Any CPU.Build.0 = Release|Any CPU
		{61EE1295-F2B6-4351-B331-244319600FCE}.Release|Mixed Platforms.ActiveCfg = Release|Any CPU
		{61EE1295-F2B6-4351-B331-244319600FCE}.Release|Mixed Platforms.Build.0 = Release|Any CPU
		{61EE1295-F2B6-4351-B331-244319600FCE}.Release|Win32.ActiveCfg = Release|Any CPU
		{61EE1295-F2B6-4351-B331-244319600FCE}.Release|x64.ActiveCfg = Release|x64
		{61EE1295-F2B6-4351-B331-244319600FCE}.Release|x64.Build.0 = Release|x64
		{61EE1295-F2B6-4351-B331-244319600FCE}.Release|x86.ActiveCfg = Release|x86
		{61EE1295-F2B6-4351-B331-244319600FCE}.Release|x86.Build.0 = Release|x86
		{5E5B9F4E-1067-4470-8AA9-B25BBBEA063A}.Debug|Any CPU.ActiveCfg = Debug|Win32
		{5E5B9F4E-1067-4470-8AA9-B25BBBEA063A}.Debug|Mixed Platforms.ActiveCfg = Debug|Win32
		{5E5B9F4E-1067-4470-8AA9-B25BBBEA063A}.Debug|Mixed Platforms.Build.0 = Debug|Win32
		{5E5B9F4E-1067-4470-8AA9-B25BBBEA063A}.Debug|Win32.ActiveCfg = Debug|Win32
		{5E5B9F4E-1067-4470-8AA9-B25BBBEA063A}.Debug|Win32.Build.0 = Debug|Win32
		{5E5B9F4E-1067-4470-8AA9-B25BBBEA063A}.Debug|x64.ActiveCfg = Debug|x64
		{5E5B9F4E-1067-4470-8AA9-B25BBBEA063A}.Debug|x64.Build.0 = Debug|x64
		{5E5B9F4E-1067-4470-8AA9-B25BBBEA063A}.Debug|x86.ActiveCfg = Debug|Win32
		{5E5B9F4E-1067-4470-8AA9-B25BBBEA063A}.Debug|x86.Build.0 = Debug|Win32
		{5E5B9F4E-1067-4470-8AA9-B25BBBEA063A}.DebugPublic|Any CPU.ActiveCfg = Debug|Win32
		{5E5B9F4E-1067-4470-8AA9-B25BBBEA063A}.DebugPublic|Mixed Platforms.ActiveCfg = Debug|Win32
		{5E5B9F4E-1067-4470-8AA9-B25BBBEA063A}.DebugPublic|Mixed Platforms.Build.0 = Debug|Win32
		{5E5B9F4E-1067-4470-8AA9-B25BBBEA063A}.DebugPublic|Win32.ActiveCfg = Debug|Win32
		{5E5B9F4E-1067-4470-8AA9-B25BBBEA063A}.DebugPublic|Win32.Build.0 = Debug|Win32
		{5E5B9F4E-1067-4470-8AA9-B25BBBEA063A}.DebugPublic|x64.ActiveCfg = Debug|x64
		{5E5B9F4E-1067-4470-8AA9-B25BBBEA063A}.DebugPublic|x64.Build.0 = Debug|x64
		{5E5B9F4E-1067-4470-8AA9-B25BBBEA063A}.DebugPublic|x86.ActiveCfg = Debug|Win32
		{5E5B9F4E-1067-4470-8AA9-B25BBBEA063A}.DebugPublic|x86.Build.0 = Debug|Win32
		{5E5B9F4E-1067-4470-8AA9-B25BBBEA063A}.Release|Any CPU.ActiveCfg = Release|Win32
		{5E5B9F4E-1067-4470-8AA9-B25BBBEA063A}.Release|Mixed Platforms.ActiveCfg = Release|Win32
		{5E5B9F4E-1067-4470-8AA9-B25BBBEA063A}.Release|Win32.ActiveCfg = Release|Win32
		{5E5B9F4E-1067-4470-8AA9-B25BBBEA063A}.Release|Win32.Build.0 = Release|Win32
		{5E5B9F4E-1067-4470-8AA9-B25BBBEA063A}.Release|x64.ActiveCfg = Release|x64
		{5E5B9F4E-1067-4470-8AA9-B25BBBEA063A}.Release|x64.Build.0 = Release|x64
		{5E5B9F4E-1067-4470-8AA9-B25BBBEA063A}.Release|x86.ActiveCfg = Release|Win32
		{5E5B9F4E-1067-4470-8AA9-B25BBBEA063A}.Release|x86.Build.0 = Release|Win32
		{2BB37B4C-D7E0-451F-A8C8-997890B98B9F}.Debug|Any CPU.ActiveCfg = Debug|Any CPU
		{2BB37B4C-D7E0-451F-A8C8-997890B98B9F}.Debug|Any CPU.Build.0 = Debug|Any CPU
		{2BB37B4C-D7E0-451F-A8C8-997890B98B9F}.Debug|Mixed Platforms.ActiveCfg = Debug|Any CPU
		{2BB37B4C-D7E0-451F-A8C8-997890B98B9F}.Debug|Mixed Platforms.Build.0 = Debug|Any CPU
		{2BB37B4C-D7E0-451F-A8C8-997890B98B9F}.Debug|Win32.ActiveCfg = Debug|Any CPU
		{2BB37B4C-D7E0-451F-A8C8-997890B98B9F}.Debug|x64.ActiveCfg = Debug|x64
		{2BB37B4C-D7E0-451F-A8C8-997890B98B9F}.Debug|x64.Build.0 = Debug|x64
		{2BB37B4C-D7E0-451F-A8C8-997890B98B9F}.Debug|x86.ActiveCfg = Debug|x86
		{2BB37B4C-D7E0-451F-A8C8-997890B98B9F}.Debug|x86.Build.0 = Debug|x86
		{2BB37B4C-D7E0-451F-A8C8-997890B98B9F}.DebugPublic|Any CPU.ActiveCfg = Debug|Any CPU
		{2BB37B4C-D7E0-451F-A8C8-997890B98B9F}.DebugPublic|Any CPU.Build.0 = Debug|Any CPU
		{2BB37B4C-D7E0-451F-A8C8-997890B98B9F}.DebugPublic|Mixed Platforms.ActiveCfg = Debug|Any CPU
		{2BB37B4C-D7E0-451F-A8C8-997890B98B9F}.DebugPublic|Mixed Platforms.Build.0 = Debug|Any CPU
		{2BB37B4C-D7E0-451F-A8C8-997890B98B9F}.DebugPublic|Win32.ActiveCfg = Debug|Any CPU
		{2BB37B4C-D7E0-451F-A8C8-997890B98B9F}.DebugPublic|x64.ActiveCfg = Debug|x64
		{2BB37B4C-D7E0-451F-A8C8-997890B98B9F}.DebugPublic|x64.Build.0 = Debug|x64
		{2BB37B4C-D7E0-451F-A8C8-997890B98B9F}.DebugPublic|x86.ActiveCfg = Debug|x86
		{2BB37B4C-D7E0-451F-A8C8-997890B98B9F}.DebugPublic|x86.Build.0 = Debug|x86
		{2BB37B4C-D7E0-451F-A8C8-997890B98B9F}.Release|Any CPU.ActiveCfg = Release|Any CPU
		{2BB37B4C-D7E0-451F-A8C8-997890B98B9F}.Release|Any CPU.Build.0 = Release|Any CPU
		{2BB37B4C-D7E0-451F-A8C8-997890B98B9F}.Release|Mixed Platforms.ActiveCfg = Release|Any CPU
		{2BB37B4C-D7E0-451F-A8C8-997890B98B9F}.Release|Mixed Platforms.Build.0 = Release|Any CPU
		{2BB37B4C-D7E0-451F-A8C8-997890B98B9F}.Release|Win32.ActiveCfg = Release|Any CPU
		{2BB37B4C-D7E0-451F-A8C8-997890B98B9F}.Release|x64.ActiveCfg = Release|x64
		{2BB37B4C-D7E0-451F-A8C8-997890B98B9F}.Release|x64.Build.0 = Release|x64
		{2BB37B4C-D7E0-451F-A8C8-997890B98B9F}.Release|x86.ActiveCfg = Release|x86
		{2BB37B4C-D7E0-451F-A8C8-997890B98B9F}.Release|x86.Build.0 = Release|x86
	EndGlobalSection
	GlobalSection(SolutionProperties) = preSolution
		HideSolutionNode = FALSE
	EndGlobalSection
EndGlobal
